
Microsoft Visual Studio Solution File, Format Version 12.00
# Visual Studio 14
VisualStudioVersion = 14.0.25420.1
MinimumVisualStudioVersion = 10.0.40219.1
Project("{2150E333-8FDC-42A3-9474-1A3956D46DE8}") = "PlugIn", "PlugIn", "{A5F28D8D-9A85-42C9-9C4D-38DC40A4DBDD}"
EndProject
Project("{FAE04EC0-301F-11D3-BF4B-00C04F79EFBC}") = "GYIN.K3.FXBZ.PROCANDSALEOUTSTOCK.App", "KEEPER.K3.DBZY.App\GYIN.K3.FXBZ.PROCANDSALEOUTSTOCK.App.csproj", "{BAF221BA-1BD9-4E06-AE4A-45CC0D94A13A}"
EndProject
Project("{FAE04EC0-301F-11D3-BF4B-00C04F79EFBC}") = "GYIN.K3.FXBZ.PROCANDSALEOUTSTOCK.Contracts", "KEEPER.K3.DBZY.PURPAYMENT.Contracts\GYIN.K3.FXBZ.PROCANDSALEOUTSTOCK.Contracts.csproj", "{B32DC1D0-8D29-413F-8336-71A626D1D818}"
EndProject
Project("{FAE04EC0-301F-11D3-BF4B-00C04F79EFBC}") = "GYIN.K3.FXBZ.PROCANDSALEOUTSTOCK.ServiceHelper", "KEEPER.K3.DBZY.PURPAYMENT.ServiceHelper\GYIN.K3.FXBZ.PROCANDSALEOUTSTOCK.ServiceHelper.csproj", "{92DACEA6-A7CB-4283-AF7A-E681A30108DA}"
EndProject
Project("{2150E333-8FDC-42A3-9474-1A3956D46DE8}") = "BusinessPlugIn", "BusinessPlugIn", "{1AFB1690-20FA-41B1-974F-737DE5599AC0}"
EndProject
Project("{2150E333-8FDC-42A3-9474-1A3956D46DE8}") = "ConvertPlugIn", "ConvertPlugIn", "{E8CC337C-50B3-446C-B2D0-F58CAFF00671}"
EndProject
Project("{2150E333-8FDC-42A3-9474-1A3956D46DE8}") = "ReportPlugIn", "ReportPlugIn", "{DED55D9D-8D5D-46C4-ADAA-7F8B7A6D530D}"
EndProject
Project("{2150E333-8FDC-42A3-9474-1A3956D46DE8}") = "ServicePlugIN", "ServicePlugIN", "{D0F86866-F6A8-4B37-9A4A-CF5FCA589A01}"
EndProject
Global
	GlobalSection(SolutionConfigurationPlatforms) = preSolution
		Debug|Any CPU = Debug|Any CPU
		Release|Any CPU = Release|Any CPU
	EndGlobalSection
	GlobalSection(ProjectConfigurationPlatforms) = postSolution
		{BAF221BA-1BD9-4E06-AE4A-45CC0D94A13A}.Debug|Any CPU.ActiveCfg = Debug|Any CPU
		{BAF221BA-1BD9-4E06-AE4A-45CC0D94A13A}.Debug|Any CPU.Build.0 = Debug|Any CPU
		{BAF221BA-1BD9-4E06-AE4A-45CC0D94A13A}.Release|Any CPU.ActiveCfg = Release|Any CPU
		{BAF221BA-1BD9-4E06-AE4A-45CC0D94A13A}.Release|Any CPU.Build.0 = Release|Any CPU
		{B32DC1D0-8D29-413F-8336-71A626D1D818}.Debug|Any CPU.ActiveCfg = Debug|Any CPU
		{B32DC1D0-8D29-413F-8336-71A626D1D818}.Debug|Any CPU.Build.0 = Debug|Any CPU
		{B32DC1D0-8D29-413F-8336-71A626D1D818}.Release|Any CPU.ActiveCfg = Release|Any CPU
		{B32DC1D0-8D29-413F-8336-71A626D1D818}.Release|Any CPU.Build.0 = Release|Any CPU
		{92DACEA6-A7CB-4283-AF7A-E681A30108DA}.Debug|Any CPU.ActiveCfg = Debug|Any CPU
		{92DACEA6-A7CB-4283-AF7A-E681A30108DA}.Debug|Any CPU.Build.0 = Debug|Any CPU
		{92DACEA6-A7CB-4283-AF7A-E681A30108DA}.Release|Any CPU.ActiveCfg = Release|Any CPU
		{92DACEA6-A7CB-4283-AF7A-E681A30108DA}.Release|Any CPU.Build.0 = Release|Any CPU
	EndGlobalSection
	GlobalSection(SolutionProperties) = preSolution
		HideSolutionNode = FALSE
	EndGlobalSection
	GlobalSection(NestedProjects) = preSolution
		{1AFB1690-20FA-41B1-974F-737DE5599AC0} = {A5F28D8D-9A85-42C9-9C4D-38DC40A4DBDD}
		{E8CC337C-50B3-446C-B2D0-F58CAFF00671} = {A5F28D8D-9A85-42C9-9C4D-38DC40A4DBDD}
		{DED55D9D-8D5D-46C4-ADAA-7F8B7A6D530D} = {A5F28D8D-9A85-42C9-9C4D-38DC40A4DBDD}
		{D0F86866-F6A8-4B37-9A4A-CF5FCA589A01} = {A5F28D8D-9A85-42C9-9C4D-38DC40A4DBDD}
	EndGlobalSection
	GlobalSection(ExtensibilityGlobals) = postSolution
		SolutionGuid = {3F55927E-3F45-41F0-80AB-184917DDC941}
	EndGlobalSection
EndGlobal
